<?xml version="1.0" encoding="utf-8"?>
<Project ToolsVersion="4.0" xmlns="http://schemas.microsoft.com/developer/msbuild/2003">
  <ItemGroup>
    <Filter Include="Fichiers sources">
      <UniqueIdentifier>{4FC737F1-C7A5-4376-A066-2A32D752A2FF}</UniqueIdentifier>
      <Extensions>cpp;c;cc;cxx;c++;cppm;ixx;def;odl;idl;hpj;bat;asm;asmx</Extensions>
    </Filter>
    <Filter Include="Fichiers d%27en-tête">
      <UniqueIdentifier>{93995380-89BD-4b04-88EB-625FBE52EBFB}</UniqueIdentifier>
      <Extensions>h;hh;hpp;hxx;h++;hm;inl;inc;ipp;xsd</Extensions>
    </Filter>
    <Filter Include="Fichiers de ressources">
      <UniqueIdentifier>{67DA6AB6-F800-4c08-8B7A-83BB121AAD01}</UniqueIdentifier>
      <Extensions>rc;ico;cur;bmp;dlg;rc2;rct;bin;rgs;gif;jpg;jpeg;jpe;resx;tiff;tif;png;wav;mfcribbon-ms</Extensions>
    </Filter>
    <Filter Include="Fichiers sources\Render">
      <UniqueIdentifier>{03c9e485-d625-4993-9de4-3ced720a5975}</UniqueIdentifier>
    </Filter>
    <Filter Include="Fichiers sources\Render\Shaders">
      <UniqueIdentifier>{f1827763-bec7-43a4-bbec-6ca54224f27d}</UniqueIdentifier>
    </Filter>
    <Filter Include="Fichiers sources\Maths">
      <UniqueIdentifier>{60b369ab-edad-49c9-881b-b0b27b4b10ba}</UniqueIdentifier>
    </Filter>
    <Filter Include="Fichiers sources\World">
      <UniqueIdentifier>{d0b01521-6640-413a-9c66-7e7584c00988}</UniqueIdentifier>
    </Filter>
    <Filter Include="Fichiers sources\WorldActor">
      <UniqueIdentifier>{d02c0d59-7267-45e8-85ce-6dfdfbd1171a}</UniqueIdentifier>
    </Filter>
  </ItemGroup>
  <ItemGroup>
    <ClCompile Include="SRC\Application.cpp">
      <Filter>Fichiers sources</Filter>
    </ClCompile>
    <ClCompile Include="SRC\Render\Renderer.cpp">
      <Filter>Fichiers sources\Render</Filter>
    </ClCompile>
    <ClCompile Include="SRC\Math\Quaternion.cpp">
      <Filter>Fichiers sources\Maths</Filter>
    </ClCompile>
    <ClCompile Include="SRC\Math\Vector3.cpp">
      <Filter>Fichiers sources\Maths</Filter>
    </ClCompile>
    <ClCompile Include="SRC\World\World.cpp">
      <Filter>Fichiers sources\World</Filter>
    </ClCompile>
    <ClCompile Include="SRC\WorldActor\Camera.cpp">
      <Filter>Fichiers sources\WorldActor</Filter>
    </ClCompile>
    <ClCompile Include="SRC\WorldActor\Core.cpp">
      <Filter>Fichiers sources\WorldActor</Filter>
    </ClCompile>
    <ClCompile Include="SRC\WorldActor\Model.cpp">
      <Filter>Fichiers sources\WorldActor</Filter>
    </ClCompile>
    <ClCompile Include="SRC\WorldActor\WorldActor.cpp">
      <Filter>Fichiers sources\WorldActor</Filter>
    </ClCompile>
  </ItemGroup>
  <ItemGroup>
    <None Include="SRC\Render\Shaders\baseShader.shader">
      <Filter>Fichiers sources\Render\Shaders</Filter>
    </None>
    <None Include="SRC\Render\baseVertexShader.glsl">
      <Filter>Fichiers sources\Render</Filter>
    </None>
  </ItemGroup>
  <ItemGroup>
    <ClInclude Include="SRC\Render\Renderer.hpp">
      <Filter>Fichiers sources\Render</Filter>
    </ClInclude>
    <ClInclude Include="SRC\Math\Quaternion.h">
      <Filter>Fichiers sources\Maths</Filter>
    </ClInclude>
    <ClInclude Include="SRC\Math\Vector3.hpp">
      <Filter>Fichiers sources\Maths</Filter>
    </ClInclude>
    <ClInclude Include="SRC\World\World.h">
      <Filter>Fichiers sources\World</Filter>
    </ClInclude>
    <ClInclude Include="SRC\WorldActor\Camera.hpp">
      <Filter>Fichiers sources\WorldActor</Filter>
    </ClInclude>
    <ClInclude Include="SRC\WorldActor\Core.hpp">
      <Filter>Fichiers sources\WorldActor</Filter>
    </ClInclude>
    <ClInclude Include="SRC\WorldActor\Model.hpp">
      <Filter>Fichiers sources\WorldActor</Filter>
    </ClInclude>
    <ClInclude Include="SRC\WorldActor\WorldActor.hpp">
      <Filter>Fichiers sources\WorldActor</Filter>
    </ClInclude>
  </ItemGroup>
</Project>